
Microsoft Visual Studio Solution File, Format Version 12.00
# Visual Studio Version 17
VisualStudioVersion = 17.5.002.0
MinimumVisualStudioVersion = 10.0.40219.1
Project("{9A19103F-16F7-4668-BE54-9A1E7A4F7556}") = "SmallApp", "SmallApp.csproj", "{F242B68B-028F-4B17-A8DA-5269038F3647}"
EndProject
Global
	GlobalSection(SolutionConfigurationPlatforms) = preSolution
		Debug|Any CPU = Debug|Any CPU
		Release|Any CPU = Release|Any CPU
	EndGlobalSection
	GlobalSection(ProjectConfigurationPlatforms) = postSolution
		{F242B68B-028F-4B17-A8DA-5269038F3647}.Debug|Any CPU.ActiveCfg = Debug|Any CPU
		{F242B68B-028F-4B17-A8DA-5269038F3647}.Debug|Any CPU.Build.0 = Debug|Any CPU
		{F242B68B-028F-4B17-A8DA-5269038F3647}.Release|Any CPU.ActiveCfg = Release|Any CPU
		{F242B68B-028F-4B17-A8DA-5269038F3647}.Release|Any CPU.Build.0 = Release|Any CPU
	EndGlobalSection
	GlobalSection(SolutionProperties) = preSolution
		HideSolutionNode = FALSE
	EndGlobalSection
	GlobalSection(ExtensibilityGlobals) = postSolution
		SolutionGuid = {F90B4A1D-467F-4BDA-820D-54FA4B22C3E9}
	EndGlobalSection
EndGlobal
